
Microsoft Visual Studio Solution File, Format Version 12.00
# Visual Studio 15
VisualStudioVersion = 15.0.28307.705
MinimumVisualStudioVersion = 10.0.40219.1
Project("{FAE04EC0-301F-11D3-BF4B-00C04F79EFBC}") = "TreasureChest", "TreasureChest\TreasureChest.csproj", "{CA1E9540-381F-4C0C-8AE6-3598C2628807}"
EndProject
Global
	GlobalSection(SolutionConfigurationPlatforms) = preSolution
		Debug|Any CPU = Debug|Any CPU
		Release|Any CPU = Release|Any CPU
	EndGlobalSection
	GlobalSection(ProjectConfigurationPlatforms) = postSolution
		{CA1E9540-381F-4C0C-8AE6-3598C2628807}.Debug|Any CPU.ActiveCfg = Debug|Any CPU
		{CA1E9540-381F-4C0C-8AE6-3598C2628807}.Debug|Any CPU.Build.0 = Debug|Any CPU
		{CA1E9540-381F-4C0C-8AE6-3598C2628807}.Release|Any CPU.ActiveCfg = Release|Any CPU
		{CA1E9540-381F-4C0C-8AE6-3598C2628807}.Release|Any CPU.Build.0 = Release|Any CPU
	EndGlobalSection
	GlobalSection(SolutionProperties) = preSolution
		HideSolutionNode = FALSE
	EndGlobalSection
	GlobalSection(ExtensibilityGlobals) = postSolution
		SolutionGuid = {E28E1876-96C2-4CBF-A81C-7F5376D4F7DE}
	EndGlobalSection
EndGlobal
